
Microsoft Visual Studio Solution File, Format Version 12.00
# Visual Studio Version 16
VisualStudioVersion = 16.0.29326.143
MinimumVisualStudioVersion = 10.0.40219.1
Project("{9A19103F-16F7-4668-BE54-9A1E7A4F7556}") = "WebApplication3", "WebApplication3\WebApplication3.csproj", "{1FC8C2D1-248D-472A-A149-2ADCE6B2908E}"
EndProject
Project("{FAE04EC0-301F-11D3-BF4B-00C04F79EFBC}") = "BTDBPart", "BTDBPart\BTDBPart.csproj", "{3EB89AB6-0BCE-4F37-BEE1-17A8FD1B7D58}"
EndProject
Global
	GlobalSection(SolutionConfigurationPlatforms) = preSolution
		Debug|Any CPU = Debug|Any CPU
		Release|Any CPU = Release|Any CPU
	EndGlobalSection
	GlobalSection(ProjectConfigurationPlatforms) = postSolution
		{1FC8C2D1-248D-472A-A149-2ADCE6B2908E}.Debug|Any CPU.ActiveCfg = Debug|Any CPU
		{1FC8C2D1-248D-472A-A149-2ADCE6B2908E}.Debug|Any CPU.Build.0 = Debug|Any CPU
		{1FC8C2D1-248D-472A-A149-2ADCE6B2908E}.Release|Any CPU.ActiveCfg = Release|Any CPU
		{1FC8C2D1-248D-472A-A149-2ADCE6B2908E}.Release|Any CPU.Build.0 = Release|Any CPU
		{3EB89AB6-0BCE-4F37-BEE1-17A8FD1B7D58}.Debug|Any CPU.ActiveCfg = Debug|Any CPU
		{3EB89AB6-0BCE-4F37-BEE1-17A8FD1B7D58}.Debug|Any CPU.Build.0 = Debug|Any CPU
		{3EB89AB6-0BCE-4F37-BEE1-17A8FD1B7D58}.Release|Any CPU.ActiveCfg = Release|Any CPU
		{3EB89AB6-0BCE-4F37-BEE1-17A8FD1B7D58}.Release|Any CPU.Build.0 = Release|Any CPU
	EndGlobalSection
	GlobalSection(SolutionProperties) = preSolution
		HideSolutionNode = FALSE
	EndGlobalSection
	GlobalSection(ExtensibilityGlobals) = postSolution
		SolutionGuid = {18F83AD7-4DED-4F57-9E10-1EE3A02FC690}
	EndGlobalSection
EndGlobal
